
Microsoft Visual Studio Solution File, Format Version 12.00
# Visual Studio Version 16
VisualStudioVersion = 16.0.29519.87
MinimumVisualStudioVersion = 10.0.40219.1
Project("{FAE04EC0-301F-11D3-BF4B-00C04F79EFBC}") = "NonParallelizedTests", "NonParallelizedTests\NonParallelizedTests.csproj", "{B9831BF8-065D-4F05-A1A5-595815E99452}"
EndProject
Project("{FAE04EC0-301F-11D3-BF4B-00C04F79EFBC}") = "ParallelizedTests", "ParallelizedTests\ParallelizedTests.csproj", "{5910097E-E449-4673-B82E-F12B8BBFCD73}"
EndProject
Global
	GlobalSection(SolutionConfigurationPlatforms) = preSolution
		Debug|Any CPU = Debug|Any CPU
		Release|Any CPU = Release|Any CPU
	EndGlobalSection
	GlobalSection(ProjectConfigurationPlatforms) = postSolution
		{B9831BF8-065D-4F05-A1A5-595815E99452}.Debug|Any CPU.ActiveCfg = Debug|Any CPU
		{B9831BF8-065D-4F05-A1A5-595815E99452}.Debug|Any CPU.Build.0 = Debug|Any CPU
		{B9831BF8-065D-4F05-A1A5-595815E99452}.Release|Any CPU.ActiveCfg = Release|Any CPU
		{B9831BF8-065D-4F05-A1A5-595815E99452}.Release|Any CPU.Build.0 = Release|Any CPU
		{5910097E-E449-4673-B82E-F12B8BBFCD73}.Debug|Any CPU.ActiveCfg = Debug|Any CPU
		{5910097E-E449-4673-B82E-F12B8BBFCD73}.Debug|Any CPU.Build.0 = Debug|Any CPU
		{5910097E-E449-4673-B82E-F12B8BBFCD73}.Release|Any CPU.ActiveCfg = Release|Any CPU
		{5910097E-E449-4673-B82E-F12B8BBFCD73}.Release|Any CPU.Build.0 = Release|Any CPU
	EndGlobalSection
	GlobalSection(SolutionProperties) = preSolution
		HideSolutionNode = FALSE
	EndGlobalSection
	GlobalSection(ExtensibilityGlobals) = postSolution
		SolutionGuid = {7319C20C-A0BA-49CC-A340-37E8A85B9540}
	EndGlobalSection
EndGlobal
