
Microsoft Visual Studio Solution File, Format Version 12.00
# Visual Studio Version 16
VisualStudioVersion = 16.0.29728.190
MinimumVisualStudioVersion = 15.0.26124.0
Project("{9A19103F-16F7-4668-BE54-9A1E7A4F7556}") = "CyclicListApp", "CyclicListApp.csproj", "{13AA9E65-F4CF-4CF4-AFA6-B27088FB7B0A}"
EndProject
Global
	GlobalSection(SolutionConfigurationPlatforms) = preSolution
		Debug|Any CPU = Debug|Any CPU
		Debug|x64 = Debug|x64
		Debug|x86 = Debug|x86
		Release|Any CPU = Release|Any CPU
		Release|x64 = Release|x64
		Release|x86 = Release|x86
	EndGlobalSection
	GlobalSection(ProjectConfigurationPlatforms) = postSolution
		{13AA9E65-F4CF-4CF4-AFA6-B27088FB7B0A}.Debug|Any CPU.ActiveCfg = Debug|Any CPU
		{13AA9E65-F4CF-4CF4-AFA6-B27088FB7B0A}.Debug|Any CPU.Build.0 = Debug|Any CPU
		{13AA9E65-F4CF-4CF4-AFA6-B27088FB7B0A}.Debug|x64.ActiveCfg = Debug|Any CPU
		{13AA9E65-F4CF-4CF4-AFA6-B27088FB7B0A}.Debug|x64.Build.0 = Debug|Any CPU
		{13AA9E65-F4CF-4CF4-AFA6-B27088FB7B0A}.Debug|x86.ActiveCfg = Debug|Any CPU
		{13AA9E65-F4CF-4CF4-AFA6-B27088FB7B0A}.Debug|x86.Build.0 = Debug|Any CPU
		{13AA9E65-F4CF-4CF4-AFA6-B27088FB7B0A}.Release|Any CPU.ActiveCfg = Release|Any CPU
		{13AA9E65-F4CF-4CF4-AFA6-B27088FB7B0A}.Release|Any CPU.Build.0 = Release|Any CPU
		{13AA9E65-F4CF-4CF4-AFA6-B27088FB7B0A}.Release|x64.ActiveCfg = Release|Any CPU
		{13AA9E65-F4CF-4CF4-AFA6-B27088FB7B0A}.Release|x64.Build.0 = Release|Any CPU
		{13AA9E65-F4CF-4CF4-AFA6-B27088FB7B0A}.Release|x86.ActiveCfg = Release|Any CPU
		{13AA9E65-F4CF-4CF4-AFA6-B27088FB7B0A}.Release|x86.Build.0 = Release|Any CPU
	EndGlobalSection
	GlobalSection(SolutionProperties) = preSolution
		HideSolutionNode = FALSE
	EndGlobalSection
	GlobalSection(ExtensibilityGlobals) = postSolution
		SolutionGuid = {5FE5C93A-A4FA-41A5-8246-D8003767C3A2}
	EndGlobalSection
EndGlobal
