
Microsoft Visual Studio Solution File, Format Version 12.00
# Visual Studio Version 16
VisualStudioVersion = 16.0.29519.87
MinimumVisualStudioVersion = 10.0.40219.1
Project("{FAE04EC0-301F-11D3-BF4B-00C04F79EFBC}") = "CalculatorLibrary", "CalculatorLibrary\CalculatorLibrary.csproj", "{B9475E91-9DEB-45FE-87C3-5C9E90D69023}"
EndProject
Project("{FAE04EC0-301F-11D3-BF4B-00C04F79EFBC}") = "CalculatorTests", "CalculatorTests\CalculatorTests.csproj", "{C62D6902-A96B-4627-AF1F-2C54DDF9138C}"
EndProject
Global
	GlobalSection(SolutionConfigurationPlatforms) = preSolution
		Debug|Any CPU = Debug|Any CPU
		Release|Any CPU = Release|Any CPU
	EndGlobalSection
	GlobalSection(ProjectConfigurationPlatforms) = postSolution
		{B9475E91-9DEB-45FE-87C3-5C9E90D69023}.Debug|Any CPU.ActiveCfg = Debug|Any CPU
		{B9475E91-9DEB-45FE-87C3-5C9E90D69023}.Debug|Any CPU.Build.0 = Debug|Any CPU
		{B9475E91-9DEB-45FE-87C3-5C9E90D69023}.Release|Any CPU.ActiveCfg = Release|Any CPU
		{B9475E91-9DEB-45FE-87C3-5C9E90D69023}.Release|Any CPU.Build.0 = Release|Any CPU
		{C62D6902-A96B-4627-AF1F-2C54DDF9138C}.Debug|Any CPU.ActiveCfg = Debug|Any CPU
		{C62D6902-A96B-4627-AF1F-2C54DDF9138C}.Debug|Any CPU.Build.0 = Debug|Any CPU
		{C62D6902-A96B-4627-AF1F-2C54DDF9138C}.Release|Any CPU.ActiveCfg = Release|Any CPU
		{C62D6902-A96B-4627-AF1F-2C54DDF9138C}.Release|Any CPU.Build.0 = Release|Any CPU
	EndGlobalSection
	GlobalSection(SolutionProperties) = preSolution
		HideSolutionNode = FALSE
	EndGlobalSection
	GlobalSection(ExtensibilityGlobals) = postSolution
		SolutionGuid = {12B59362-FA23-46A6-A83B-E351295647EA}
	EndGlobalSection
EndGlobal
