
Microsoft Visual Studio Solution File, Format Version 12.00
# Visual Studio 15
VisualStudioVersion = 15.0.27428.2011
MinimumVisualStudioVersion = 10.0.40219.1
Project("{FAE04EC0-301F-11D3-BF4B-00C04F79EFBC}") = "DemoRefactoring", "DemoRefactoring\DemoRefactoring.csproj", "{84CD3808-698C-4151-ADFD-F821FBB0C0C6}"
EndProject
Global
	GlobalSection(SolutionConfigurationPlatforms) = preSolution
		Debug|Any CPU = Debug|Any CPU
		Release|Any CPU = Release|Any CPU
	EndGlobalSection
	GlobalSection(ProjectConfigurationPlatforms) = postSolution
		{84CD3808-698C-4151-ADFD-F821FBB0C0C6}.Debug|Any CPU.ActiveCfg = Debug|Any CPU
		{84CD3808-698C-4151-ADFD-F821FBB0C0C6}.Debug|Any CPU.Build.0 = Debug|Any CPU
		{84CD3808-698C-4151-ADFD-F821FBB0C0C6}.Release|Any CPU.ActiveCfg = Release|Any CPU
		{84CD3808-698C-4151-ADFD-F821FBB0C0C6}.Release|Any CPU.Build.0 = Release|Any CPU
	EndGlobalSection
	GlobalSection(SolutionProperties) = preSolution
		HideSolutionNode = FALSE
	EndGlobalSection
	GlobalSection(ExtensibilityGlobals) = postSolution
		SolutionGuid = {2999F6EF-D460-48BE-B4E8-2B12B42AD947}
	EndGlobalSection
EndGlobal
