
Microsoft Visual Studio Solution File, Format Version 12.00
# Visual Studio 15
VisualStudioVersion = 15.0.27428.2011
MinimumVisualStudioVersion = 10.0.40219.1
Project("{FAE04EC0-301F-11D3-BF4B-00C04F79EFBC}") = "QandALibrary", "QandALibrary\QandALibrary.csproj", "{2E344D5D-8BDD-43B7-9607-F4B390BC9A89}"
EndProject
Project("{FAE04EC0-301F-11D3-BF4B-00C04F79EFBC}") = "QandATests", "QandATests\QandATests.csproj", "{308EDD83-77EE-4D01-A358-E4031D67FDE7}"
EndProject
Global
	GlobalSection(SolutionConfigurationPlatforms) = preSolution
		Debug|Any CPU = Debug|Any CPU
		Release|Any CPU = Release|Any CPU
	EndGlobalSection
	GlobalSection(ProjectConfigurationPlatforms) = postSolution
		{2E344D5D-8BDD-43B7-9607-F4B390BC9A89}.Debug|Any CPU.ActiveCfg = Debug|Any CPU
		{2E344D5D-8BDD-43B7-9607-F4B390BC9A89}.Debug|Any CPU.Build.0 = Debug|Any CPU
		{2E344D5D-8BDD-43B7-9607-F4B390BC9A89}.Release|Any CPU.ActiveCfg = Release|Any CPU
		{2E344D5D-8BDD-43B7-9607-F4B390BC9A89}.Release|Any CPU.Build.0 = Release|Any CPU
		{308EDD83-77EE-4D01-A358-E4031D67FDE7}.Debug|Any CPU.ActiveCfg = Debug|Any CPU
		{308EDD83-77EE-4D01-A358-E4031D67FDE7}.Debug|Any CPU.Build.0 = Debug|Any CPU
		{308EDD83-77EE-4D01-A358-E4031D67FDE7}.Release|Any CPU.ActiveCfg = Release|Any CPU
		{308EDD83-77EE-4D01-A358-E4031D67FDE7}.Release|Any CPU.Build.0 = Release|Any CPU
	EndGlobalSection
	GlobalSection(SolutionProperties) = preSolution
		HideSolutionNode = FALSE
	EndGlobalSection
	GlobalSection(ExtensibilityGlobals) = postSolution
		SolutionGuid = {76C10CD6-DE45-45F9-87F4-245A490BC781}
	EndGlobalSection
EndGlobal
