
Microsoft Visual Studio Solution File, Format Version 12.00
# Visual Studio 15
VisualStudioVersion = 15.0.27428.2011
MinimumVisualStudioVersion = 10.0.40219.1
Project("{FAE04EC0-301F-11D3-BF4B-00C04F79EFBC}") = "BankingLibrary", "BankingLibrary\BankingLibrary.csproj", "{92F8E3D3-8785-4164-BDED-8F0C6725D690}"
EndProject
Project("{FAE04EC0-301F-11D3-BF4B-00C04F79EFBC}") = "BankingTests", "BankingTests\BankingTests.csproj", "{DBEEAE1F-A9BF-4CC1-847B-3DB931F01D5D}"
EndProject
Global
	GlobalSection(SolutionConfigurationPlatforms) = preSolution
		Debug|Any CPU = Debug|Any CPU
		Release|Any CPU = Release|Any CPU
	EndGlobalSection
	GlobalSection(ProjectConfigurationPlatforms) = postSolution
		{92F8E3D3-8785-4164-BDED-8F0C6725D690}.Debug|Any CPU.ActiveCfg = Debug|Any CPU
		{92F8E3D3-8785-4164-BDED-8F0C6725D690}.Debug|Any CPU.Build.0 = Debug|Any CPU
		{92F8E3D3-8785-4164-BDED-8F0C6725D690}.Release|Any CPU.ActiveCfg = Release|Any CPU
		{92F8E3D3-8785-4164-BDED-8F0C6725D690}.Release|Any CPU.Build.0 = Release|Any CPU
		{DBEEAE1F-A9BF-4CC1-847B-3DB931F01D5D}.Debug|Any CPU.ActiveCfg = Debug|Any CPU
		{DBEEAE1F-A9BF-4CC1-847B-3DB931F01D5D}.Debug|Any CPU.Build.0 = Debug|Any CPU
		{DBEEAE1F-A9BF-4CC1-847B-3DB931F01D5D}.Release|Any CPU.ActiveCfg = Release|Any CPU
		{DBEEAE1F-A9BF-4CC1-847B-3DB931F01D5D}.Release|Any CPU.Build.0 = Release|Any CPU
	EndGlobalSection
	GlobalSection(SolutionProperties) = preSolution
		HideSolutionNode = FALSE
	EndGlobalSection
	GlobalSection(ExtensibilityGlobals) = postSolution
		SolutionGuid = {9F5C1FF4-ABBE-491E-B8DE-CF9B4DABB8D3}
	EndGlobalSection
EndGlobal
