
Microsoft Visual Studio Solution File, Format Version 12.00
# Visual Studio 15
VisualStudioVersion = 15.0.27428.2011
MinimumVisualStudioVersion = 10.0.40219.1
Project("{FAE04EC0-301F-11D3-BF4B-00C04F79EFBC}") = "HiLoGame0Application", "HiLoGame0Application\HiLoGame0Application.csproj", "{FF432662-C02D-4A18-851E-17C60E113983}"
EndProject
Global
	GlobalSection(SolutionConfigurationPlatforms) = preSolution
		Debug|Any CPU = Debug|Any CPU
		Release|Any CPU = Release|Any CPU
	EndGlobalSection
	GlobalSection(ProjectConfigurationPlatforms) = postSolution
		{FF432662-C02D-4A18-851E-17C60E113983}.Debug|Any CPU.ActiveCfg = Debug|Any CPU
		{FF432662-C02D-4A18-851E-17C60E113983}.Debug|Any CPU.Build.0 = Debug|Any CPU
		{FF432662-C02D-4A18-851E-17C60E113983}.Release|Any CPU.ActiveCfg = Release|Any CPU
		{FF432662-C02D-4A18-851E-17C60E113983}.Release|Any CPU.Build.0 = Release|Any CPU
	EndGlobalSection
	GlobalSection(SolutionProperties) = preSolution
		HideSolutionNode = FALSE
	EndGlobalSection
	GlobalSection(ExtensibilityGlobals) = postSolution
		SolutionGuid = {FB5A83FB-23DC-4EF4-B847-41F2F7A4EEC5}
	EndGlobalSection
EndGlobal
