
Microsoft Visual Studio Solution File, Format Version 12.00
# Visual Studio Version 16
VisualStudioVersion = 16.0.29920.165
MinimumVisualStudioVersion = 10.0.40219.1
Project("{FAE04EC0-301F-11D3-BF4B-00C04F79EFBC}") = "Az204WebApp", "Az204WebApp.csproj", "{91E497CC-BC52-4C86-8C65-20D2C69F894D}"
EndProject
Global
	GlobalSection(SolutionConfigurationPlatforms) = preSolution
		Debug|Any CPU = Debug|Any CPU
		Release|Any CPU = Release|Any CPU
	EndGlobalSection
	GlobalSection(ProjectConfigurationPlatforms) = postSolution
		{91E497CC-BC52-4C86-8C65-20D2C69F894D}.Debug|Any CPU.ActiveCfg = Debug|Any CPU
		{91E497CC-BC52-4C86-8C65-20D2C69F894D}.Debug|Any CPU.Build.0 = Debug|Any CPU
		{91E497CC-BC52-4C86-8C65-20D2C69F894D}.Release|Any CPU.ActiveCfg = Release|Any CPU
		{91E497CC-BC52-4C86-8C65-20D2C69F894D}.Release|Any CPU.Build.0 = Release|Any CPU
	EndGlobalSection
	GlobalSection(SolutionProperties) = preSolution
		HideSolutionNode = FALSE
	EndGlobalSection
	GlobalSection(ExtensibilityGlobals) = postSolution
		SolutionGuid = {FE613619-AA9A-4990-B9E1-207ACF153838}
	EndGlobalSection
EndGlobal
