
Microsoft Visual Studio Solution File, Format Version 12.00
# Visual Studio 15
VisualStudioVersion = 15.0.27428.2011
MinimumVisualStudioVersion = 10.0.40219.1
Project("{FAE04EC0-301F-11D3-BF4B-00C04F79EFBC}") = "FlightSystemLibrary", "FlightSystemLibrary\FlightSystemLibrary.csproj", "{F04F80A8-CF2F-4C6F-9BC2-4468F17D0FCB}"
EndProject
Project("{FAE04EC0-301F-11D3-BF4B-00C04F79EFBC}") = "FlightSystemTests", "FlightSystemTests\FlightSystemTests.csproj", "{86C4E305-2A8B-4DFA-9758-784FFF2257F4}"
EndProject
Global
	GlobalSection(SolutionConfigurationPlatforms) = preSolution
		Debug|Any CPU = Debug|Any CPU
		Release|Any CPU = Release|Any CPU
	EndGlobalSection
	GlobalSection(ProjectConfigurationPlatforms) = postSolution
		{F04F80A8-CF2F-4C6F-9BC2-4468F17D0FCB}.Debug|Any CPU.ActiveCfg = Debug|Any CPU
		{F04F80A8-CF2F-4C6F-9BC2-4468F17D0FCB}.Debug|Any CPU.Build.0 = Debug|Any CPU
		{F04F80A8-CF2F-4C6F-9BC2-4468F17D0FCB}.Release|Any CPU.ActiveCfg = Release|Any CPU
		{F04F80A8-CF2F-4C6F-9BC2-4468F17D0FCB}.Release|Any CPU.Build.0 = Release|Any CPU
		{86C4E305-2A8B-4DFA-9758-784FFF2257F4}.Debug|Any CPU.ActiveCfg = Debug|Any CPU
		{86C4E305-2A8B-4DFA-9758-784FFF2257F4}.Debug|Any CPU.Build.0 = Debug|Any CPU
		{86C4E305-2A8B-4DFA-9758-784FFF2257F4}.Release|Any CPU.ActiveCfg = Release|Any CPU
		{86C4E305-2A8B-4DFA-9758-784FFF2257F4}.Release|Any CPU.Build.0 = Release|Any CPU
	EndGlobalSection
	GlobalSection(SolutionProperties) = preSolution
		HideSolutionNode = FALSE
	EndGlobalSection
	GlobalSection(ExtensibilityGlobals) = postSolution
		SolutionGuid = {274F49D5-BE68-4B3C-9D3C-0160E2B3C9F1}
	EndGlobalSection
EndGlobal
