
Microsoft Visual Studio Solution File, Format Version 12.00
# Visual Studio 15
VisualStudioVersion = 15.0.27428.2011
MinimumVisualStudioVersion = 10.0.40219.1
Project("{FAE04EC0-301F-11D3-BF4B-00C04F79EFBC}") = "TimeLibrary", "TimeLibrary\TimeLibrary.csproj", "{2A1562C6-8FD6-4629-B65B-048A2B93116D}"
EndProject
Project("{FAE04EC0-301F-11D3-BF4B-00C04F79EFBC}") = "MsTests", "MsTests\MsTests.csproj", "{26F5BE19-8237-4481-A612-CAF9024DB3BC}"
EndProject
Global
	GlobalSection(SolutionConfigurationPlatforms) = preSolution
		Debug|Any CPU = Debug|Any CPU
		Release|Any CPU = Release|Any CPU
	EndGlobalSection
	GlobalSection(ProjectConfigurationPlatforms) = postSolution
		{2A1562C6-8FD6-4629-B65B-048A2B93116D}.Debug|Any CPU.ActiveCfg = Debug|Any CPU
		{2A1562C6-8FD6-4629-B65B-048A2B93116D}.Debug|Any CPU.Build.0 = Debug|Any CPU
		{2A1562C6-8FD6-4629-B65B-048A2B93116D}.Release|Any CPU.ActiveCfg = Release|Any CPU
		{2A1562C6-8FD6-4629-B65B-048A2B93116D}.Release|Any CPU.Build.0 = Release|Any CPU
		{26F5BE19-8237-4481-A612-CAF9024DB3BC}.Debug|Any CPU.ActiveCfg = Debug|Any CPU
		{26F5BE19-8237-4481-A612-CAF9024DB3BC}.Debug|Any CPU.Build.0 = Debug|Any CPU
		{26F5BE19-8237-4481-A612-CAF9024DB3BC}.Release|Any CPU.ActiveCfg = Release|Any CPU
		{26F5BE19-8237-4481-A612-CAF9024DB3BC}.Release|Any CPU.Build.0 = Release|Any CPU
	EndGlobalSection
	GlobalSection(SolutionProperties) = preSolution
		HideSolutionNode = FALSE
	EndGlobalSection
	GlobalSection(ExtensibilityGlobals) = postSolution
		SolutionGuid = {8DE07F63-3242-4953-9A6A-6CD3FDB19522}
	EndGlobalSection
EndGlobal
